// !$*UTF8*$!
{
	archiveVersion = 1;
	classes = {
	};
	objectVersion = 46;
	objects = {

/* Begin PBXBuildFile section */
		815CDDD115601FC9004FD358 /* UIKit.framework in Frameworks */ = {isa = PBXBuildFile; fileRef = 815CDDD015601FC9004FD358 /* UIKit.framework */; };
		815CDDD315601FC9004FD358 /* Foundation.framework in Frameworks */ = {isa = PBXBuildFile; fileRef = 815CDDD215601FC9004FD358 /* Foundation.framework */; };
		815CDDD515601FC9004FD358 /* CoreGraphics.framework in Frameworks */ = {isa = PBXBuildFile; fileRef = 815CDDD415601FC9004FD358 /* CoreGraphics.framework */; };
		815CDDDB15601FC9004FD358 /* InfoPlist.strings in Resources */ = {isa = PBXBuildFile; fileRef = 815CDDD915601FC9004FD358 /* InfoPlist.strings */; };
		815CDDDD15601FC9004FD358 /* main.m in Sources */ = {isa = PBXBuildFile; fileRef = 815CDDDC15601FC9004FD358 /* main.m */; };
		815CDDE115601FC9004FD358 /* AppDelegate.m in Sources */ = {isa = PBXBuildFile; fileRef = 815CDDE015601FC9004FD358 /* AppDelegate.m */; };
		815CDDE415601FC9004FD358 /* FirstViewController.m in Sources */ = {isa = PBXBuildFile; fileRef = 815CDDE315601FC9004FD358 /* FirstViewController.m */; };
		815CDDE615601FC9004FD358 /* first.png in Resources */ = {isa = PBXBuildFile; fileRef = 815CDDE515601FC9004FD358 /* first.png */; };
		815CDDE815601FC9004FD358 /* first@2x.png in Resources */ = {isa = PBXBuildFile; fileRef = 815CDDE715601FC9004FD358 /* first@2x.png */; };
		815CDDEB15601FC9004FD358 /* SecondViewController.m in Sources */ = {isa = PBXBuildFile; fileRef = 815CDDEA15601FC9004FD358 /* SecondViewController.m */; };
		815CDDED15601FC9004FD358 /* second.png in Resources */ = {isa = PBXBuildFile; fileRef = 815CDDEC15601FC9004FD358 /* second.png */; };
		815CDDEF15601FC9004FD358 /* second@2x.png in Resources */ = {isa = PBXBuildFile; fileRef = 815CDDEE15601FC9004FD358 /* second@2x.png */; };
		815CDDF215601FCA004FD358 /* FirstViewController.xib in Resources */ = {isa = PBXBuildFile; fileRef = 815CDDF015601FCA004FD358 /* FirstViewController.xib */; };
		815CDDF515601FCA004FD358 /* SecondViewController.xib in Resources */ = {isa = PBXBuildFile; fileRef = 815CDDF315601FCA004FD358 /* SecondViewController.xib */; };
/* End PBXBuildFile section */

/* Begin PBXFileReference section */
		815CDDCC15601FC9004FD358 /* RaisedCenterButton.app */ = {isa = PBXFileReference; explicitFileType = wrapper.application; includeInIndex = 0; path = RaisedCenterButton.app; sourceTree = BUILT_PRODUCTS_DIR; };
		815CDDD015601FC9004FD358 /* UIKit.framework */ = {isa = PBXFileReference; lastKnownFileType = wrapper.framework; name = UIKit.framework; path = System/Library/Frameworks/UIKit.framework; sourceTree = SDKROOT; };
		815CDDD215601FC9004FD358 /* Foundation.framework */ = {isa = PBXFileReference; lastKnownFileType = wrapper.framework; name = Foundation.framework; path = System/Library/Frameworks/Foundation.framework; sourceTree = SDKROOT; };
		815CDDD415601FC9004FD358 /* CoreGraphics.framework */ = {isa = PBXFileReference; lastKnownFileType = wrapper.framework; name = CoreGraphics.framework; path = System/Library/Frameworks/CoreGraphics.framework; sourceTree = SDKROOT; };
		815CDDD815601FC9004FD358 /* RaisedCenterButton-Info.plist */ = {isa = PBXFileReference; path = "RaisedCenterButton-Info.plist"; sourceTree = "<group>"; };
		815CDDDA15601FC9004FD358 /* en */ = {isa = PBXFileReference; lastKnownFileType = text.plist.strings; name = en; path = en.lproj/InfoPlist.strings; sourceTree = "<group>"; };
		815CDDDC15601FC9004FD358 /* main.m */ = {isa = PBXFileReference; lastKnownFileType = sourcecode.c.objc; path = main.m; sourceTree = "<group>"; };
		815CDDDE15601FC9004FD358 /* RaisedCenterButton-Prefix.pch */ = {isa = PBXFileReference; path = "RaisedCenterButton-Prefix.pch"; sourceTree = "<group>"; };
		815CDDDF15601FC9004FD358 /* AppDelegate.h */ = {isa = PBXFileReference; path = AppDelegate.h; sourceTree = "<group>"; };
		815CDDE015601FC9004FD358 /* AppDelegate.m */ = {isa = PBXFileReference; lastKnownFileType = sourcecode.c.objc; path = AppDelegate.m; sourceTree = "<group>"; };
		815CDDE215601FC9004FD358 /* FirstViewController.h */ = {isa = PBXFileReference; path = FirstViewController.h; sourceTree = "<group>"; };
		815CDDE315601FC9004FD358 /* FirstViewController.m */ = {isa = PBXFileReference; lastKnownFileType = sourcecode.c.objc; path = FirstViewController.m; sourceTree = "<group>"; };
		815CDDE515601FC9004FD358 /* first.png */ = {isa = PBXFileReference; lastKnownFileType = image.png; path = first.png; sourceTree = "<group>"; };
		815CDDE715601FC9004FD358 /* first@2x.png */ = {isa = PBXFileReference; lastKnownFileType = image.png; path = "first@2x.png"; sourceTree = "<group>"; };
		815CDDE915601FC9004FD358 /* SecondViewController.h */ = {isa = PBXFileReference; path = SecondViewController.h; sourceTree = "<group>"; };
		815CDDEA15601FC9004FD358 /* SecondViewController.m */ = {isa = PBXFileReference; lastKnownFileType = sourcecode.c.objc; path = SecondViewController.m; sourceTree = "<group>"; };
		815CDDEC15601FC9004FD358 /* second.png */ = {isa = PBXFileReference; lastKnownFileType = image.png; path = second.png; sourceTree = "<group>"; };
		815CDDEE15601FC9004FD358 /* second@2x.png */ = {isa = PBXFileReference; lastKnownFileType = image.png; path = "second@2x.png"; sourceTree = "<group>"; };
		815CDDF115601FCA004FD358 /* en */ = {isa = PBXFileReference; lastKnownFileType = file.xib; name = en; path = en.lproj/FirstViewController.xib; sourceTree = "<group>"; };
		815CDDF415601FCA004FD358 /* en */ = {isa = PBXFileReference; lastKnownFileType = file.xib; name = en; path = en.lproj/SecondViewController.xib; sourceTree = "<group>"; };
/* End PBXFileReference section */

/* Begin PBXFrameworksBuildPhase section */
		815CDDC915601FC9004FD358 /* Frameworks */ = {
			isa = PBXFrameworksBuildPhase;
			buildActionMask = 2147483647;
			files = (
				815CDDD115601FC9004FD358 /* UIKit.framework in Frameworks */,
				815CDDD315601FC9004FD358 /* Foundation.framework in Frameworks */,
				815CDDD515601FC9004FD358 /* CoreGraphics.framework in Frameworks */,
			);
			runOnlyForDeploymentPostprocessing = 0;
		};
/* End PBXFrameworksBuildPhase section */

/* Begin PBXGroup section */
		815CDDC115601FC9004FD358 = {
			isa = PBXGroup;
			children = (
				815CDDD615601FC9004FD358 /* RaisedCenterButton */,
				815CDDCF15601FC9004FD358 /* Frameworks */,
				815CDDCD15601FC9004FD358 /* Products */,
			);
			sourceTree = "<group>";
		};
		815CDDCD15601FC9004FD358 /* Products */ = {
			isa = PBXGroup;
			children = (
				815CDDCC15601FC9004FD358 /* RaisedCenterButton.app */,
			);
			name = Products;
			sourceTree = "<group>";
		};
		815CDDCF15601FC9004FD358 /* Frameworks */ = {
			isa = PBXGroup;
			children = (
				815CDDD015601FC9004FD358 /* UIKit.framework */,
				815CDDD215601FC9004FD358 /* Foundation.framework */,
				815CDDD415601FC9004FD358 /* CoreGraphics.framework */,
			);
			name = Frameworks;
			sourceTree = "<group>";
		};
		815CDDD615601FC9004FD358 /* RaisedCenterButton */ = {
			isa = PBXGroup;
			children = (
				815CDDDF15601FC9004FD358 /* AppDelegate.h */,
				815CDDE015601FC9004FD358 /* AppDelegate.m */,
				815CDDE215601FC9004FD358 /* FirstViewController.h */,
				815CDDE315601FC9004FD358 /* FirstViewController.m */,
				815CDDE515601FC9004FD358 /* first.png */,
				815CDDE715601FC9004FD358 /* first@2x.png */,
				815CDDE915601FC9004FD358 /* SecondViewController.h */,
				815CDDEA15601FC9004FD358 /* SecondViewController.m */,
				815CDDEC15601FC9004FD358 /* second.png */,
				815CDDEE15601FC9004FD358 /* second@2x.png */,
				815CDDF015601FCA004FD358 /* FirstViewController.xib */,
				815CDDF315601FCA004FD358 /* SecondViewController.xib */,
				815CDDD715601FC9004FD358 /* Supporting Files */,
			);
			path = RaisedCenterButton;
			sourceTree = "<group>";
		};
		815CDDD715601FC9004FD358 /* Supporting Files */ = {
			isa = PBXGroup;
			children = (
				815CDDD815601FC9004FD358 /* RaisedCenterButton-Info.plist */,
				815CDDD915601FC9004FD358 /* InfoPlist.strings */,
				815CDDDC15601FC9004FD358 /* main.m */,
				815CDDDE15601FC9004FD358 /* RaisedCenterButton-Prefix.pch */,
			);
			name = "Supporting Files";
			sourceTree = "<group>";
		};
/* End PBXGroup section */

/* Begin PBXNativeTarget section */
		815CDDCB15601FC9004FD358 /* RaisedCenterButton */ = {
			isa = PBXNativeTarget;
			buildConfigurationList = 815CDDF815601FCA004FD358 /* Build configuration list for PBXNativeTarget "RaisedCenterButton" */;
			buildPhases = (
				815CDDC815601FC9004FD358 /* Sources */,
				815CDDC915601FC9004FD358 /* Frameworks */,
				815CDDCA15601FC9004FD358 /* Resources */,
			);
			buildRules = (
			);
			dependencies = (
			);
			name = RaisedCenterButton;
			productName = RaisedCenterButton;
			productReference = 815CDDCC15601FC9004FD358 /* RaisedCenterButton.app */;
			productType = "com.apple.product-type.application";
		};
/* End PBXNativeTarget section */

/* Begin PBXProject section */
		815CDDC315601FC9004FD358 /* Project object */ = {
			isa = PBXProject;
			attributes = {
				LastUpgradeCheck = 0430;
				ORGANIZATIONNAME = "Group 6";
			};
			buildConfigurationList = 815CDDC615601FC9004FD358 /* Build configuration list for PBXProject "RaisedCenterButton" */;
			compatibilityVersion = "Xcode 3.2";
			developmentRegion = English;
			hasScannedForEncodings = 0;
			knownRegions = (
				en,
			);
			mainGroup = 815CDDC115601FC9004FD358;
			productRefGroup = 815CDDCD15601FC9004FD358 /* Products */;
			projectDirPath = "";
			projectRoot = "";
			targets = (
				815CDDCB15601FC9004FD358 /* RaisedCenterButton */,
			);
		};
/* End PBXProject section */

/* Begin PBXResourcesBuildPhase section */
		815CDDCA15601FC9004FD358 /* Resources */ = {
			isa = PBXResourcesBuildPhase;
			buildActionMask = 2147483647;
			files = (
				815CDDDB15601FC9004FD358 /* InfoPlist.strings in Resources */,
				815CDDE615601FC9004FD358 /* first.png in Resources */,
				815CDDE815601FC9004FD358 /* first@2x.png in Resources */,
				815CDDED15601FC9004FD358 /* second.png in Resources */,
				815CDDEF15601FC9004FD358 /* second@2x.png in Resources */,
				815CDDF215601FCA004FD358 /* FirstViewController.xib in Resources */,
				815CDDF515601FCA004FD358 /* SecondViewController.xib in Resources */,
			);
			runOnlyForDeploymentPostprocessing = 0;
		};
/* End PBXResourcesBuildPhase section */

/* Begin PBXSourcesBuildPhase section */
		815CDDC815601FC9004FD358 /* Sources */ = {
			isa = PBXSourcesBuildPhase;
			buildActionMask = 2147483647;
			files = (
				815CDDDD15601FC9004FD358 /* main.m in Sources */,
				815CDDE115601FC9004FD358 /* AppDelegate.m in Sources */,
				815CDDE415601FC9004FD358 /* FirstViewController.m in Sources */,
				815CDDEB15601FC9004FD358 /* SecondViewController.m in Sources */,
			);
			runOnlyForDeploymentPostprocessing = 0;
		};
/* End PBXSourcesBuildPhase section */

/* Begin PBXVariantGroup section */
		815CDDD915601FC9004FD358 /* InfoPlist.strings */ = {
			isa = PBXVariantGroup;
			children = (
				815CDDDA15601FC9004FD358 /* en */,
			);
			name = InfoPlist.strings;
			sourceTree = "<group>";
		};
		815CDDF015601FCA004FD358 /* FirstViewController.xib */ = {
			isa = PBXVariantGroup;
			children = (
				815CDDF115601FCA004FD358 /* en */,
			);
			name = FirstViewController.xib;
			sourceTree = "<group>";
		};
		815CDDF315601FCA004FD358 /* SecondViewController.xib */ = {
			isa = PBXVariantGroup;
			children = (
				815CDDF415601FCA004FD358 /* en */,
			);
			name = SecondViewController.xib;
			sourceTree = "<group>";
		};
/* End PBXVariantGroup section */

/* Begin XCBuildConfiguration section */
		815CDDF615601FCA004FD358 /* Debug */ = {
			isa = XCBuildConfiguration;
			buildSettings = {
				ALWAYS_SEARCH_USER_PATHS = NO;
				ARCHS = "$(ARCHS_STANDARD_32_BIT)";
				CLANG_ENABLE_OBJC_ARC = YES;
				"CODE_SIGN_IDENTITY[sdk=iphoneos*]" = "iPhone Developer";
				COPY_PHASE_STRIP = NO;
				GCC_C_LANGUAGE_STANDARD = gnu99;
				GCC_DYNAMIC_NO_PIC = NO;
				GCC_OPTIMIZATION_LEVEL = 0;
				GCC_PREPROCESSOR_DEFINITIONS = (
					"DEBUG=1",
					"$(inherited)",
				);
				GCC_SYMBOLS_PRIVATE_EXTERN = NO;
				GCC_VERSION = com.apple.compilers.llvm.clang.1_0;
				GCC_WARN_ABOUT_RETURN_TYPE = YES;
				GCC_WARN_UNINITIALIZED_AUTOS = YES;
				GCC_WARN_UNUSED_VARIABLE = YES;
				IPHONEOS_DEPLOYMENT_TARGET = 5.1;
				SDKROOT = iphoneos;
			};
			name = Debug;
		};
		815CDDF715601FCA004FD358 /* Release */ = {
			isa = XCBuildConfiguration;
			buildSettings = {
				ALWAYS_SEARCH_USER_PATHS = NO;
				ARCHS = "$(ARCHS_STANDARD_32_BIT)";
				CLANG_ENABLE_OBJC_ARC = YES;
				"CODE_SIGN_IDENTITY[sdk=iphoneos*]" = "iPhone Developer";
				COPY_PHASE_STRIP = YES;
				GCC_C_LANGUAGE_STANDARD = gnu99;
				GCC_VERSION = com.apple.compilers.llvm.clang.1_0;
				GCC_WARN_ABOUT_RETURN_TYPE = YES;
				GCC_WARN_UNINITIALIZED_AUTOS = YES;
				GCC_WARN_UNUSED_VARIABLE = YES;
				IPHONEOS_DEPLOYMENT_TARGET = 5.1;
				OTHER_CFLAGS = "-DNS_BLOCK_ASSERTIONS=1";
				SDKROOT = iphoneos;
				VALIDATE_PRODUCT = YES;
			};
			name = Release;
		};
		815CDDF915601FCA004FD358 /* Debug */ = {
			isa = XCBuildConfiguration;
			buildSettings = {
				GCC_PRECOMPILE_PREFIX_HEADER = YES;
				GCC_PREFIX_HEADER = "RaisedCenterButton/RaisedCenterButton-Prefix.pch";
				INFOPLIST_FILE = "RaisedCenterButton/RaisedCenterButton-Info.plist";
				PRODUCT_NAME = "$(TARGET_NAME)";
				WRAPPER_EXTENSION = app;
			};
			name = Debug;
		};
		815CDDFA15601FCA004FD358 /* Release */ = {
			isa = XCBuildConfiguration;
			buildSettings = {
				GCC_PRECOMPILE_PREFIX_HEADER = YES;
				GCC_PREFIX_HEADER = "RaisedCenterButton/RaisedCenterButton-Prefix.pch";
				INFOPLIST_FILE = "RaisedCenterButton/RaisedCenterButton-Info.plist";
				PRODUCT_NAME = "$(TARGET_NAME)";
				WRAPPER_EXTENSION = app;
			};
			name = Release;
		};
/* End XCBuildConfiguration section */

/* Begin XCConfigurationList section */
		815CDDC615601FC9004FD358 /* Build configuration list for PBXProject "RaisedCenterButton" */ = {
			isa = XCConfigurationList;
			buildConfigurations = (
				815CDDF615601FCA004FD358 /* Debug */,
				815CDDF715601FCA004FD358 /* Release */,
			);
			defaultConfigurationIsVisible = 0;
			defaultConfigurationName = Release;
		};
		815CDDF815601FCA004FD358 /* Build configuration list for PBXNativeTarget "RaisedCenterButton" */ = {
			isa = XCConfigurationList;
			buildConfigurations = (
				815CDDF915601FCA004FD358 /* Debug */,
				815CDDFA15601FCA004FD358 /* Release */,
			);
			defaultConfigurationIsVisible = 0;
		};
/* End XCConfigurationList section */
	};
	rootObject = 815CDDC315601FC9004FD358 /* Project object */;
}
